// !$*UTF8*$!
{
	archiveVersion = 1;
	classes = {
	};
	objectVersion = 55;
	objects = {

/* Begin PBXBuildFile section */
		0E18FD422899637A00397BF4 /* PodTitleView.swift in Sources */ = {isa = PBXBuildFile; fileRef = 0E18FD412899637A00397BF4 /* PodTitleView.swift */; };
		0E18FD44289963E600397BF4 /* BackRectView.swift in Sources */ = {isa = PBXBuildFile; fileRef = 0E18FD43289963E600397BF4 /* BackRectView.swift */; };
		0E18FD472899643100397BF4 /* Extension+UIApplication.swift in Sources */ = {isa = PBXBuildFile; fileRef = 0E18FD462899643000397BF4 /* Extension+UIApplication.swift */; };
		0E18FD4A289968D400397BF4 /* Character.swift in Sources */ = {isa = PBXBuildFile; fileRef = 0E18FD49289968D400397BF4 /* Character.swift */; };
		0E18FD4C2899692600397BF4 /* Player.swift in Sources */ = {isa = PBXBuildFile; fileRef = 0E18FD4B2899692600397BF4 /* Player.swift */; };
		0E1B9ED8288BEBBA002BF51E /* MafiaApp.swift in Sources */ = {isa = PBXBuildFile; fileRef = 0E1B9ED7288BEBBA002BF51E /* MafiaApp.swift */; };
		0E1B9EDA288BEBBA002BF51E /* MainView.swift in Sources */ = {isa = PBXBuildFile; fileRef = 0E1B9ED9288BEBBA002BF51E /* MainView.swift */; };
		0E1B9EDC288BEBBC002BF51E /* Assets.xcassets in Resources */ = {isa = PBXBuildFile; fileRef = 0E1B9EDB288BEBBC002BF51E /* Assets.xcassets */; };
		0E1B9EDF288BEBBC002BF51E /* Preview Assets.xcassets in Resources */ = {isa = PBXBuildFile; fileRef = 0E1B9EDE288BEBBC002BF51E /* Preview Assets.xcassets */; };
		0E1B9EE6288BF1E5002BF51E /* GameView.swift in Sources */ = {isa = PBXBuildFile; fileRef = 0E1B9EE5288BF1E5002BF51E /* GameView.swift */; };
		0E1B9EE8288BF2D9002BF51E /* CustomButton.swift in Sources */ = {isa = PBXBuildFile; fileRef = 0E1B9EE7288BF2D9002BF51E /* CustomButton.swift */; };
		0E8DC523288C2EE6007191A9 /* СharacterCardView.swift in Sources */ = {isa = PBXBuildFile; fileRef = 0E8DC522288C2EE6007191A9 /* СharacterCardView.swift */; };
		0E8DC525288C53A6007191A9 /* CountButtonView.swift in Sources */ = {isa = PBXBuildFile; fileRef = 0E8DC524288C53A6007191A9 /* CountButtonView.swift */; };
		0E959EBF289A3C1E000AC209 /* HapticManager.swift in Sources */ = {isa = PBXBuildFile; fileRef = 0E959EBE289A3C1E000AC209 /* HapticManager.swift */; };
		0EAE6D412891967100F53BF1 /* MainViewViewModel.swift in Sources */ = {isa = PBXBuildFile; fileRef = 0EAE6D402891967100F53BF1 /* MainViewViewModel.swift */; };
		0EBB3D8B288D2C3B00057E5A /* RoleCardView.swift in Sources */ = {isa = PBXBuildFile; fileRef = 0EBB3D8A288D2C3B00057E5A /* RoleCardView.swift */; };
		0EBB3D8E288D303600057E5A /* RolesListView.swift in Sources */ = {isa = PBXBuildFile; fileRef = 0EBB3D8D288D303600057E5A /* RolesListView.swift */; };
/* End PBXBuildFile section */

/* Begin PBXFileReference section */
		0E18FD412899637A00397BF4 /* PodTitleView.swift */ = {isa = PBXFileReference; lastKnownFileType = sourcecode.swift; path = PodTitleView.swift; sourceTree = "<group>"; };
		0E18FD43289963E600397BF4 /* BackRectView.swift */ = {isa = PBXFileReference; lastKnownFileType = sourcecode.swift; path = BackRectView.swift; sourceTree = "<group>"; };
		0E18FD462899643000397BF4 /* Extension+UIApplication.swift */ = {isa = PBXFileReference; lastKnownFileType = sourcecode.swift; path = "Extension+UIApplication.swift"; sourceTree = "<group>"; };
		0E18FD49289968D400397BF4 /* Character.swift */ = {isa = PBXFileReference; lastKnownFileType = sourcecode.swift; path = Character.swift; sourceTree = "<group>"; };
		0E18FD4B2899692600397BF4 /* Player.swift */ = {isa = PBXFileReference; lastKnownFileType = sourcecode.swift; path = Player.swift; sourceTree = "<group>"; };
		0E1B9ED4288BEBBA002BF51E /* Mafia.app */ = {isa = PBXFileReference; explicitFileType = wrapper.application; includeInIndex = 0; path = Mafia.app; sourceTree = BUILT_PRODUCTS_DIR; };
		0E1B9ED7288BEBBA002BF51E /* MafiaApp.swift */ = {isa = PBXFileReference; lastKnownFileType = sourcecode.swift; path = MafiaApp.swift; sourceTree = "<group>"; };
		0E1B9ED9288BEBBA002BF51E /* MainView.swift */ = {isa = PBXFileReference; lastKnownFileType = sourcecode.swift; path = MainView.swift; sourceTree = "<group>"; };
		0E1B9EDB288BEBBC002BF51E /* Assets.xcassets */ = {isa = PBXFileReference; lastKnownFileType = folder.assetcatalog; path = Assets.xcassets; sourceTree = "<group>"; };
		0E1B9EDE288BEBBC002BF51E /* Preview Assets.xcassets */ = {isa = PBXFileReference; lastKnownFileType = folder.assetcatalog; path = "Preview Assets.xcassets"; sourceTree = "<group>"; };
		0E1B9EE5288BF1E5002BF51E /* GameView.swift */ = {isa = PBXFileReference; lastKnownFileType = sourcecode.swift; path = GameView.swift; sourceTree = "<group>"; };
		0E1B9EE7288BF2D9002BF51E /* CustomButton.swift */ = {isa = PBXFileReference; fileEncoding = 4; lastKnownFileType = sourcecode.swift; path = CustomButton.swift; sourceTree = "<group>"; };
		0E8DC522288C2EE6007191A9 /* СharacterCardView.swift */ = {isa = PBXFileReference; lastKnownFileType = sourcecode.swift; path = "СharacterCardView.swift"; sourceTree = "<group>"; };
		0E8DC524288C53A6007191A9 /* CountButtonView.swift */ = {isa = PBXFileReference; lastKnownFileType = sourcecode.swift; path = CountButtonView.swift; sourceTree = "<group>"; };
		0E959EBE289A3C1E000AC209 /* HapticManager.swift */ = {isa = PBXFileReference; lastKnownFileType = sourcecode.swift; path = HapticManager.swift; sourceTree = "<group>"; };
		0EAE6D402891967100F53BF1 /* MainViewViewModel.swift */ = {isa = PBXFileReference; lastKnownFileType = sourcecode.swift; path = MainViewViewModel.swift; sourceTree = "<group>"; };
		0EBB3D8A288D2C3B00057E5A /* RoleCardView.swift */ = {isa = PBXFileReference; lastKnownFileType = sourcecode.swift; path = RoleCardView.swift; sourceTree = "<group>"; };
		0EBB3D8D288D303600057E5A /* RolesListView.swift */ = {isa = PBXFileReference; lastKnownFileType = sourcecode.swift; path = RolesListView.swift; sourceTree = "<group>"; };
/* End PBXFileReference section */

/* Begin PBXFrameworksBuildPhase section */
		0E1B9ED1288BEBBA002BF51E /* Frameworks */ = {
			isa = PBXFrameworksBuildPhase;
			buildActionMask = 2147483647;
			files = (
			);
			runOnlyForDeploymentPostprocessing = 0;
		};
/* End PBXFrameworksBuildPhase section */

/* Begin PBXGroup section */
		0E18FD452899641000397BF4 /* Extensions */ = {
			isa = PBXGroup;
			children = (
				0E18FD462899643000397BF4 /* Extension+UIApplication.swift */,
			);
			name = Extensions;
			sourceTree = "<group>";
		};
		0E18FD48289968AD00397BF4 /* Models */ = {
			isa = PBXGroup;
			children = (
				0E18FD49289968D400397BF4 /* Character.swift */,
				0E18FD4B2899692600397BF4 /* Player.swift */,
			);
			name = Models;
			path = More;
			sourceTree = "<group>";
		};
		0E1B9ECB288BEBBA002BF51E = {
			isa = PBXGroup;
			children = (
				0E1B9ED6288BEBBA002BF51E /* Mafia */,
				0E1B9ED5288BEBBA002BF51E /* Products */,
			);
			sourceTree = "<group>";
		};
		0E1B9ED5288BEBBA002BF51E /* Products */ = {
			isa = PBXGroup;
			children = (
				0E1B9ED4288BEBBA002BF51E /* Mafia.app */,
			);
			name = Products;
			sourceTree = "<group>";
		};
		0E1B9ED6288BEBBA002BF51E /* Mafia */ = {
			isa = PBXGroup;
			children = (
				0E18FD452899641000397BF4 /* Extensions */,
				0E1B9EED288BF402002BF51E /* More */,
				0E18FD48289968AD00397BF4 /* Models */,
				0E1B9EE9288BF3C5002BF51E /* Views */,
				0E1B9EEC288BF3F4002BF51E /* Components */,
				0E959EBD289A3BE3000AC209 /* Managers */,
			);
			path = Mafia;
			sourceTree = "<group>";
		};
		0E1B9EDD288BEBBC002BF51E /* Preview Content */ = {
			isa = PBXGroup;
			children = (
				0E1B9EDE288BEBBC002BF51E /* Preview Assets.xcassets */,
			);
			path = "Preview Content";
			sourceTree = "<group>";
		};
		0E1B9EE9288BF3C5002BF51E /* Views */ = {
			isa = PBXGroup;
			children = (
				0E1B9EEA288BF3D8002BF51E /* Main */,
				0E1B9EEB288BF3E1002BF51E /* Game */,
				0EBB3D8C288D301400057E5A /* RolesList */,
			);
			path = Views;
			sourceTree = "<group>";
		};
		0E1B9EEA288BF3D8002BF51E /* Main */ = {
			isa = PBXGroup;
			children = (
				0EAE6D402891967100F53BF1 /* MainViewViewModel.swift */,
				0E1B9ED9288BEBBA002BF51E /* MainView.swift */,
			);
			path = Main;
			sourceTree = "<group>";
		};
		0E1B9EEB288BF3E1002BF51E /* Game */ = {
			isa = PBXGroup;
			children = (
				0E1B9EE5288BF1E5002BF51E /* GameView.swift */,
			);
			path = Game;
			sourceTree = "<group>";
		};
		0E1B9EEC288BF3F4002BF51E /* Components */ = {
			isa = PBXGroup;
			children = (
				0E8DC522288C2EE6007191A9 /* СharacterCardView.swift */,
				0EBB3D8A288D2C3B00057E5A /* RoleCardView.swift */,
				0E18FD412899637A00397BF4 /* PodTitleView.swift */,
				0E18FD43289963E600397BF4 /* BackRectView.swift */,
				0E8DC526288C53DD007191A9 /* Buttons */,
			);
			path = Components;
			sourceTree = "<group>";
		};
		0E1B9EED288BF402002BF51E /* More */ = {
			isa = PBXGroup;
			children = (
				0E1B9EDD288BEBBC002BF51E /* Preview Content */,
				0E1B9ED7288BEBBA002BF51E /* MafiaApp.swift */,
				0E1B9EDB288BEBBC002BF51E /* Assets.xcassets */,
			);
			path = More;
			sourceTree = "<group>";
		};
		0E8DC526288C53DD007191A9 /* Buttons */ = {
			isa = PBXGroup;
			children = (
				0E8DC524288C53A6007191A9 /* CountButtonView.swift */,
				0E1B9EE7288BF2D9002BF51E /* CustomButton.swift */,
			);
			path = Buttons;
			sourceTree = "<group>";
		};
		0E959EBD289A3BE3000AC209 /* Managers */ = {
			isa = PBXGroup;
			children = (
				0E959EBE289A3C1E000AC209 /* HapticManager.swift */,
			);
			path = Managers;
			sourceTree = "<group>";
		};
		0EBB3D8C288D301400057E5A /* RolesList */ = {
			isa = PBXGroup;
			children = (
				0EBB3D8D288D303600057E5A /* RolesListView.swift */,
			);
			name = RolesList;
			sourceTree = "<group>";
		};
/* End PBXGroup section */

/* Begin PBXNativeTarget section */
		0E1B9ED3288BEBBA002BF51E /* Mafia */ = {
			isa = PBXNativeTarget;
			buildConfigurationList = 0E1B9EE2288BEBBC002BF51E /* Build configuration list for PBXNativeTarget "Mafia" */;
			buildPhases = (
				0E1B9ED0288BEBBA002BF51E /* Sources */,
				0E1B9ED1288BEBBA002BF51E /* Frameworks */,
				0E1B9ED2288BEBBA002BF51E /* Resources */,
			);
			buildRules = (
			);
			dependencies = (
			);
			name = Mafia;
			productName = Mafia;
			productReference = 0E1B9ED4288BEBBA002BF51E /* Mafia.app */;
			productType = "com.apple.product-type.application";
		};
/* End PBXNativeTarget section */

/* Begin PBXProject section */
		0E1B9ECC288BEBBA002BF51E /* Project object */ = {
			isa = PBXProject;
			attributes = {
				BuildIndependentTargetsInParallel = 1;
				LastSwiftUpdateCheck = 1300;
				LastUpgradeCheck = 1300;
				TargetAttributes = {
					0E1B9ED3288BEBBA002BF51E = {
						CreatedOnToolsVersion = 13.0;
					};
				};
			};
			buildConfigurationList = 0E1B9ECF288BEBBA002BF51E /* Build configuration list for PBXProject "Mafia" */;
			compatibilityVersion = "Xcode 13.0";
			developmentRegion = en;
			hasScannedForEncodings = 0;
			knownRegions = (
				en,
				Base,
			);
			mainGroup = 0E1B9ECB288BEBBA002BF51E;
			productRefGroup = 0E1B9ED5288BEBBA002BF51E /* Products */;
			projectDirPath = "";
			projectRoot = "";
			targets = (
				0E1B9ED3288BEBBA002BF51E /* Mafia */,
			);
		};
/* End PBXProject section */

/* Begin PBXResourcesBuildPhase section */
		0E1B9ED2288BEBBA002BF51E /* Resources */ = {
			isa = PBXResourcesBuildPhase;
			buildActionMask = 2147483647;
			files = (
				0E1B9EDF288BEBBC002BF51E /* Preview Assets.xcassets in Resources */,
				0E1B9EDC288BEBBC002BF51E /* Assets.xcassets in Resources */,
			);
			runOnlyForDeploymentPostprocessing = 0;
		};
/* End PBXResourcesBuildPhase section */

/* Begin PBXSourcesBuildPhase section */
		0E1B9ED0288BEBBA002BF51E /* Sources */ = {
			isa = PBXSourcesBuildPhase;
			buildActionMask = 2147483647;
			files = (
				0E18FD4A289968D400397BF4 /* Character.swift in Sources */,
				0E8DC525288C53A6007191A9 /* CountButtonView.swift in Sources */,
				0E959EBF289A3C1E000AC209 /* HapticManager.swift in Sources */,
				0E18FD422899637A00397BF4 /* PodTitleView.swift in Sources */,
				0E1B9EE8288BF2D9002BF51E /* CustomButton.swift in Sources */,
				0E18FD4C2899692600397BF4 /* Player.swift in Sources */,
				0EAE6D412891967100F53BF1 /* MainViewViewModel.swift in Sources */,
				0EBB3D8E288D303600057E5A /* RolesListView.swift in Sources */,
				0E1B9EDA288BEBBA002BF51E /* MainView.swift in Sources */,
				0E1B9EE6288BF1E5002BF51E /* GameView.swift in Sources */,
				0EBB3D8B288D2C3B00057E5A /* RoleCardView.swift in Sources */,
				0E8DC523288C2EE6007191A9 /* СharacterCardView.swift in Sources */,
				0E18FD472899643100397BF4 /* Extension+UIApplication.swift in Sources */,
				0E1B9ED8288BEBBA002BF51E /* MafiaApp.swift in Sources */,
				0E18FD44289963E600397BF4 /* BackRectView.swift in Sources */,
			);
			runOnlyForDeploymentPostprocessing = 0;
		};
/* End PBXSourcesBuildPhase section */

/* Begin XCBuildConfiguration section */
		0E1B9EE0288BEBBC002BF51E /* Debug */ = {
			isa = XCBuildConfiguration;
			buildSettings = {
				ALWAYS_SEARCH_USER_PATHS = NO;
				CLANG_ANALYZER_NONNULL = YES;
				CLANG_ANALYZER_NUMBER_OBJECT_CONVERSION = YES_AGGRESSIVE;
				CLANG_CXX_LANGUAGE_STANDARD = "gnu++17";
				CLANG_CXX_LIBRARY = "libc++";
				CLANG_ENABLE_MODULES = YES;
				CLANG_ENABLE_OBJC_ARC = YES;
				CLANG_ENABLE_OBJC_WEAK = YES;
				CLANG_WARN_BLOCK_CAPTURE_AUTORELEASING = YES;
				CLANG_WARN_BOOL_CONVERSION = YES;
				CLANG_WARN_COMMA = YES;
				CLANG_WARN_CONSTANT_CONVERSION = YES;
				CLANG_WARN_DEPRECATED_OBJC_IMPLEMENTATIONS = YES;
				CLANG_WARN_DIRECT_OBJC_ISA_USAGE = YES_ERROR;
				CLANG_WARN_DOCUMENTATION_COMMENTS = YES;
				CLANG_WARN_EMPTY_BODY = YES;
				CLANG_WARN_ENUM_CONVERSION = YES;
				CLANG_WARN_INFINITE_RECURSION = YES;
				CLANG_WARN_INT_CONVERSION = YES;
				CLANG_WARN_NON_LITERAL_NULL_CONVERSION = YES;
				CLANG_WARN_OBJC_IMPLICIT_RETAIN_SELF = YES;
				CLANG_WARN_OBJC_LITERAL_CONVERSION = YES;
				CLANG_WARN_OBJC_ROOT_CLASS = YES_ERROR;
				CLANG_WARN_QUOTED_INCLUDE_IN_FRAMEWORK_HEADER = YES;
				CLANG_WARN_RANGE_LOOP_ANALYSIS = YES;
				CLANG_WARN_STRICT_PROTOTYPES = YES;
				CLANG_WARN_SUSPICIOUS_MOVE = YES;
				CLANG_WARN_UNGUARDED_AVAILABILITY = YES_AGGRESSIVE;
				CLANG_WARN_UNREACHABLE_CODE = YES;
				CLANG_WARN__DUPLICATE_METHOD_MATCH = YES;
				COPY_PHASE_STRIP = NO;
				DEBUG_INFORMATION_FORMAT = dwarf;
				ENABLE_STRICT_OBJC_MSGSEND = YES;
				ENABLE_TESTABILITY = YES;
				GCC_C_LANGUAGE_STANDARD = gnu11;
				GCC_DYNAMIC_NO_PIC = NO;
				GCC_NO_COMMON_BLOCKS = YES;
				GCC_OPTIMIZATION_LEVEL = 0;
				GCC_PREPROCESSOR_DEFINITIONS = (
					"DEBUG=1",
					"$(inherited)",
				);
				GCC_WARN_64_TO_32_BIT_CONVERSION = YES;
				GCC_WARN_ABOUT_RETURN_TYPE = YES_ERROR;
				GCC_WARN_UNDECLARED_SELECTOR = YES;
				GCC_WARN_UNINITIALIZED_AUTOS = YES_AGGRESSIVE;
				GCC_WARN_UNUSED_FUNCTION = YES;
				GCC_WARN_UNUSED_VARIABLE = YES;
				IPHONEOS_DEPLOYMENT_TARGET = 15.0;
				MTL_ENABLE_DEBUG_INFO = INCLUDE_SOURCE;
				MTL_FAST_MATH = YES;
				ONLY_ACTIVE_ARCH = YES;
				SDKROOT = iphoneos;
				SWIFT_ACTIVE_COMPILATION_CONDITIONS = DEBUG;
				SWIFT_OPTIMIZATION_LEVEL = "-Onone";
			};
			name = Debug;
		};
		0E1B9EE1288BEBBC002BF51E /* Release */ = {
			isa = XCBuildConfiguration;
			buildSettings = {
				ALWAYS_SEARCH_USER_PATHS = NO;
				CLANG_ANALYZER_NONNULL = YES;
				CLANG_ANALYZER_NUMBER_OBJECT_CONVERSION = YES_AGGRESSIVE;
				CLANG_CXX_LANGUAGE_STANDARD = "gnu++17";
				CLANG_CXX_LIBRARY = "libc++";
				CLANG_ENABLE_MODULES = YES;
				CLANG_ENABLE_OBJC_ARC = YES;
				CLANG_ENABLE_OBJC_WEAK = YES;
				CLANG_WARN_BLOCK_CAPTURE_AUTORELEASING = YES;
				CLANG_WARN_BOOL_CONVERSION = YES;
				CLANG_WARN_COMMA = YES;
				CLANG_WARN_CONSTANT_CONVERSION = YES;
				CLANG_WARN_DEPRECATED_OBJC_IMPLEMENTATIONS = YES;
				CLANG_WARN_DIRECT_OBJC_ISA_USAGE = YES_ERROR;
				CLANG_WARN_DOCUMENTATION_COMMENTS = YES;
				CLANG_WARN_EMPTY_BODY = YES;
				CLANG_WARN_ENUM_CONVERSION = YES;
				CLANG_WARN_INFINITE_RECURSION = YES;
				CLANG_WARN_INT_CONVERSION = YES;
				CLANG_WARN_NON_LITERAL_NULL_CONVERSION = YES;
				CLANG_WARN_OBJC_IMPLICIT_RETAIN_SELF = YES;
				CLANG_WARN_OBJC_LITERAL_CONVERSION = YES;
				CLANG_WARN_OBJC_ROOT_CLASS = YES_ERROR;
				CLANG_WARN_QUOTED_INCLUDE_IN_FRAMEWORK_HEADER = YES;
				CLANG_WARN_RANGE_LOOP_ANALYSIS = YES;
				CLANG_WARN_STRICT_PROTOTYPES = YES;
				CLANG_WARN_SUSPICIOUS_MOVE = YES;
				CLANG_WARN_UNGUARDED_AVAILABILITY = YES_AGGRESSIVE;
				CLANG_WARN_UNREACHABLE_CODE = YES;
				CLANG_WARN__DUPLICATE_METHOD_MATCH = YES;
				COPY_PHASE_STRIP = NO;
				DEBUG_INFORMATION_FORMAT = "dwarf-with-dsym";
				ENABLE_NS_ASSERTIONS = NO;
				ENABLE_STRICT_OBJC_MSGSEND = YES;
				GCC_C_LANGUAGE_STANDARD = gnu11;
				GCC_NO_COMMON_BLOCKS = YES;
				GCC_WARN_64_TO_32_BIT_CONVERSION = YES;
				GCC_WARN_ABOUT_RETURN_TYPE = YES_ERROR;
				GCC_WARN_UNDECLARED_SELECTOR = YES;
				GCC_WARN_UNINITIALIZED_AUTOS = YES_AGGRESSIVE;
				GCC_WARN_UNUSED_FUNCTION = YES;
				GCC_WARN_UNUSED_VARIABLE = YES;
				IPHONEOS_DEPLOYMENT_TARGET = 15.0;
				MTL_ENABLE_DEBUG_INFO = NO;
				MTL_FAST_MATH = YES;
				SDKROOT = iphoneos;
				SWIFT_COMPILATION_MODE = wholemodule;
				SWIFT_OPTIMIZATION_LEVEL = "-O";
				VALIDATE_PRODUCT = YES;
			};
			name = Release;
		};
		0E1B9EE3288BEBBC002BF51E /* Debug */ = {
			isa = XCBuildConfiguration;
			buildSettings = {
				ASSETCATALOG_COMPILER_APPICON_NAME = AppIcon;
				ASSETCATALOG_COMPILER_GLOBAL_ACCENT_COLOR_NAME = AccentColor;
				CODE_SIGN_STYLE = Automatic;
				CURRENT_PROJECT_VERSION = 1;
				DEVELOPMENT_ASSET_PATHS = "\"Mafia/More/Preview Content\"";
				DEVELOPMENT_TEAM = 86SKTK882J;
				ENABLE_PREVIEWS = YES;
				GENERATE_INFOPLIST_FILE = YES;
				INFOPLIST_KEY_UIApplicationSceneManifest_Generation = YES;
				INFOPLIST_KEY_UIApplicationSupportsIndirectInputEvents = YES;
				INFOPLIST_KEY_UILaunchScreen_Generation = YES;
				INFOPLIST_KEY_UISupportedInterfaceOrientations_iPad = "UIInterfaceOrientationPortrait UIInterfaceOrientationPortraitUpsideDown UIInterfaceOrientationLandscapeLeft UIInterfaceOrientationLandscapeRight";
				INFOPLIST_KEY_UISupportedInterfaceOrientations_iPhone = "UIInterfaceOrientationPortrait UIInterfaceOrientationLandscapeLeft UIInterfaceOrientationLandscapeRight";
				IPHONEOS_DEPLOYMENT_TARGET = 15.0;
				LD_RUNPATH_SEARCH_PATHS = (
					"$(inherited)",
					"@executable_path/Frameworks",
				);
				MARKETING_VERSION = 1.0;
				PRODUCT_BUNDLE_IDENTIFIER = "ugritchina-icloud.com.Mafia";
				PRODUCT_NAME = "$(TARGET_NAME)";
				SWIFT_EMIT_LOC_STRINGS = YES;
				SWIFT_VERSION = 5.0;
				TARGETED_DEVICE_FAMILY = 1;
			};
			name = Debug;
		};
		0E1B9EE4288BEBBC002BF51E /* Release */ = {
			isa = XCBuildConfiguration;
			buildSettings = {
				ASSETCATALOG_COMPILER_APPICON_NAME = AppIcon;
				ASSETCATALOG_COMPILER_GLOBAL_ACCENT_COLOR_NAME = AccentColor;
				CODE_SIGN_STYLE = Automatic;
				CURRENT_PROJECT_VERSION = 1;
				DEVELOPMENT_ASSET_PATHS = "\"Mafia/More/Preview Content\"";
				DEVELOPMENT_TEAM = 86SKTK882J;
				ENABLE_PREVIEWS = YES;
				GENERATE_INFOPLIST_FILE = YES;
				INFOPLIST_KEY_UIApplicationSceneManifest_Generation = YES;
				INFOPLIST_KEY_UIApplicationSupportsIndirectInputEvents = YES;
				INFOPLIST_KEY_UILaunchScreen_Generation = YES;
				INFOPLIST_KEY_UISupportedInterfaceOrientations_iPad = "UIInterfaceOrientationPortrait UIInterfaceOrientationPortraitUpsideDown UIInterfaceOrientationLandscapeLeft UIInterfaceOrientationLandscapeRight";
				INFOPLIST_KEY_UISupportedInterfaceOrientations_iPhone = "UIInterfaceOrientationPortrait UIInterfaceOrientationLandscapeLeft UIInterfaceOrientationLandscapeRight";
				IPHONEOS_DEPLOYMENT_TARGET = 15.0;
				LD_RUNPATH_SEARCH_PATHS = (
					"$(inherited)",
					"@executable_path/Frameworks",
				);
				MARKETING_VERSION = 1.0;
				PRODUCT_BUNDLE_IDENTIFIER = "ugritchina-icloud.com.Mafia";
				PRODUCT_NAME = "$(TARGET_NAME)";
				SWIFT_EMIT_LOC_STRINGS = YES;
				SWIFT_VERSION = 5.0;
				TARGETED_DEVICE_FAMILY = 1;
			};
			name = Release;
		};
/* End XCBuildConfiguration section */

/* Begin XCConfigurationList section */
		0E1B9ECF288BEBBA002BF51E /* Build configuration list for PBXProject "Mafia" */ = {
			isa = XCConfigurationList;
			buildConfigurations = (
				0E1B9EE0288BEBBC002BF51E /* Debug */,
				0E1B9EE1288BEBBC002BF51E /* Release */,
			);
			defaultConfigurationIsVisible = 0;
			defaultConfigurationName = Release;
		};
		0E1B9EE2288BEBBC002BF51E /* Build configuration list for PBXNativeTarget "Mafia" */ = {
			isa = XCConfigurationList;
			buildConfigurations = (
				0E1B9EE3288BEBBC002BF51E /* Debug */,
				0E1B9EE4288BEBBC002BF51E /* Release */,
			);
			defaultConfigurationIsVisible = 0;
			defaultConfigurationName = Release;
		};
/* End XCConfigurationList section */
	};
	rootObject = 0E1B9ECC288BEBBA002BF51E /* Project object */;
}
